
Microsoft Visual Studio Solution File, Format Version 12.00
# Visual Studio Version 17
VisualStudioVersion = 17.10.35004.147
MinimumVisualStudioVersion = 10.0.40219.1
Project("{FAE04EC0-301F-11D3-BF4B-00C04F79EFBC}") = "Frontend", "Frontend\Frontend.csproj", "{85ED1379-6304-4737-BCAD-DD3E70E82556}"
EndProject
Global
	GlobalSection(SolutionConfigurationPlatforms) = preSolution
		Debug|Any CPU = Debug|Any CPU
		Release|Any CPU = Release|Any CPU
	EndGlobalSection
	GlobalSection(ProjectConfigurationPlatforms) = postSolution
		{85ED1379-6304-4737-BCAD-DD3E70E82556}.Debug|Any CPU.ActiveCfg = Debug|Any CPU
		{85ED1379-6304-4737-BCAD-DD3E70E82556}.Debug|Any CPU.Build.0 = Debug|Any CPU
		{85ED1379-6304-4737-BCAD-DD3E70E82556}.Release|Any CPU.ActiveCfg = Release|Any CPU
		{85ED1379-6304-4737-BCAD-DD3E70E82556}.Release|Any CPU.Build.0 = Release|Any CPU
	EndGlobalSection
	GlobalSection(SolutionProperties) = preSolution
		HideSolutionNode = FALSE
	EndGlobalSection
	GlobalSection(ExtensibilityGlobals) = postSolution
		SolutionGuid = {9481A1EB-A91E-4319-8CF2-5C368E0F66B4}
	EndGlobalSection
EndGlobal
